
Microsoft Visual Studio Solution File, Format Version 12.00
# Visual Studio Version 16
VisualStudioVersion = 16.0.30523.141
MinimumVisualStudioVersion = 10.0.40219.1
Project("{9A19103F-16F7-4668-BE54-9A1E7A4F7556}") = "EmployeeManagement.Models", "EmployeeManagement.Models\EmployeeManagement.Models.csproj", "{ECDE5E52-F2E2-4977-901E-0D278D9722F5}"
EndProject
Project("{9A19103F-16F7-4668-BE54-9A1E7A4F7556}") = "EmployeeManagement.Web", "EmployeeManagement.Web\EmployeeManagement.Web.csproj", "{9F02B81E-5B8B-41E2-BAF9-EFAEA2E3C769}"
EndProject
Project("{9A19103F-16F7-4668-BE54-9A1E7A4F7556}") = "EmployeeManagement.Api", "EmployeeManagement.Api\EmployeeManagement.Api.csproj", "{9CF3A7FA-971B-4CD4-9AC1-57B0FE07CB2C}"
EndProject
Global
	GlobalSection(SolutionConfigurationPlatforms) = preSolution
		Debug|Any CPU = Debug|Any CPU
		Release|Any CPU = Release|Any CPU
	EndGlobalSection
	GlobalSection(ProjectConfigurationPlatforms) = postSolution
		{ECDE5E52-F2E2-4977-901E-0D278D9722F5}.Debug|Any CPU.ActiveCfg = Debug|Any CPU
		{ECDE5E52-F2E2-4977-901E-0D278D9722F5}.Debug|Any CPU.Build.0 = Debug|Any CPU
		{ECDE5E52-F2E2-4977-901E-0D278D9722F5}.Release|Any CPU.ActiveCfg = Release|Any CPU
		{ECDE5E52-F2E2-4977-901E-0D278D9722F5}.Release|Any CPU.Build.0 = Release|Any CPU
		{9F02B81E-5B8B-41E2-BAF9-EFAEA2E3C769}.Debug|Any CPU.ActiveCfg = Debug|Any CPU
		{9F02B81E-5B8B-41E2-BAF9-EFAEA2E3C769}.Debug|Any CPU.Build.0 = Debug|Any CPU
		{9F02B81E-5B8B-41E2-BAF9-EFAEA2E3C769}.Release|Any CPU.ActiveCfg = Release|Any CPU
		{9F02B81E-5B8B-41E2-BAF9-EFAEA2E3C769}.Release|Any CPU.Build.0 = Release|Any CPU
		{9CF3A7FA-971B-4CD4-9AC1-57B0FE07CB2C}.Debug|Any CPU.ActiveCfg = Debug|Any CPU
		{9CF3A7FA-971B-4CD4-9AC1-57B0FE07CB2C}.Debug|Any CPU.Build.0 = Debug|Any CPU
		{9CF3A7FA-971B-4CD4-9AC1-57B0FE07CB2C}.Release|Any CPU.ActiveCfg = Release|Any CPU
		{9CF3A7FA-971B-4CD4-9AC1-57B0FE07CB2C}.Release|Any CPU.Build.0 = Release|Any CPU
	EndGlobalSection
	GlobalSection(SolutionProperties) = preSolution
		HideSolutionNode = FALSE
	EndGlobalSection
	GlobalSection(ExtensibilityGlobals) = postSolution
		SolutionGuid = {B2E46CCE-B141-4329-8271-2848E32E3863}
	EndGlobalSection
EndGlobal
